// !$*UTF8*$!
{
	archiveVersion = 1;
	classes = {
	};
	objectVersion = 50;
	objects = {

/* Begin PBXBuildFile section */
		1955857642F1A83A658BBEC3 /* libPods-CocoapodProTests.a in Frameworks */ = {isa = PBXBuildFile; fileRef = 1483DEDC53786FBD38ABD27C /* libPods-CocoapodProTests.a */; };
		431AD029763CE05C740BEB43 /* libPods-CocoapodPro.a in Frameworks */ = {isa = PBXBuildFile; fileRef = 3C19A7F750DE39CEF8BF3329 /* libPods-CocoapodPro.a */; };
		9B95511921D5BA35009F6114 /* AppDelegate.m in Sources */ = {isa = PBXBuildFile; fileRef = 9B95511821D5BA35009F6114 /* AppDelegate.m */; };
		9B95511C21D5BA35009F6114 /* ViewController.m in Sources */ = {isa = PBXBuildFile; fileRef = 9B95511B21D5BA35009F6114 /* ViewController.m */; };
		9B95511F21D5BA35009F6114 /* Main.storyboard in Resources */ = {isa = PBXBuildFile; fileRef = 9B95511D21D5BA35009F6114 /* Main.storyboard */; };
		9B95512121D5BA36009F6114 /* Assets.xcassets in Resources */ = {isa = PBXBuildFile; fileRef = 9B95512021D5BA36009F6114 /* Assets.xcassets */; };
		9B95512421D5BA36009F6114 /* LaunchScreen.storyboard in Resources */ = {isa = PBXBuildFile; fileRef = 9B95512221D5BA36009F6114 /* LaunchScreen.storyboard */; };
		9B95512721D5BA36009F6114 /* main.m in Sources */ = {isa = PBXBuildFile; fileRef = 9B95512621D5BA36009F6114 /* main.m */; };
		9B95513121D5BA36009F6114 /* CocoapodProTests.m in Sources */ = {isa = PBXBuildFile; fileRef = 9B95513021D5BA36009F6114 /* CocoapodProTests.m */; };
		9B95513C21D5BA36009F6114 /* CocoapodProUITests.m in Sources */ = {isa = PBXBuildFile; fileRef = 9B95513B21D5BA36009F6114 /* CocoapodProUITests.m */; };
		AC5EAA162A2199039EF9A8A7 /* libPods-CocoapodProUITests.a in Frameworks */ = {isa = PBXBuildFile; fileRef = 8FC3A3F634477C74064738F8 /* libPods-CocoapodProUITests.a */; };
/* End PBXBuildFile section */

/* Begin PBXContainerItemProxy section */
		9B95512D21D5BA36009F6114 /* PBXContainerItemProxy */ = {
			isa = PBXContainerItemProxy;
			containerPortal = 9B95510C21D5BA35009F6114 /* Project object */;
			proxyType = 1;
			remoteGlobalIDString = 9B95511321D5BA35009F6114;
			remoteInfo = CocoapodPro;
		};
		9B95513821D5BA36009F6114 /* PBXContainerItemProxy */ = {
			isa = PBXContainerItemProxy;
			containerPortal = 9B95510C21D5BA35009F6114 /* Project object */;
			proxyType = 1;
			remoteGlobalIDString = 9B95511321D5BA35009F6114;
			remoteInfo = CocoapodPro;
		};
/* End PBXContainerItemProxy section */

/* Begin PBXFileReference section */
		01B80C4378CF9EFCAAAB2510 /* Pods-CocoapodPro.release.xcconfig */ = {isa = PBXFileReference; includeInIndex = 1; lastKnownFileType = text.xcconfig; name = "Pods-CocoapodPro.release.xcconfig"; path = "Pods/Target Support Files/Pods-CocoapodPro/Pods-CocoapodPro.release.xcconfig"; sourceTree = "<group>"; };
		1483DEDC53786FBD38ABD27C /* libPods-CocoapodProTests.a */ = {isa = PBXFileReference; explicitFileType = archive.ar; includeInIndex = 0; path = "libPods-CocoapodProTests.a"; sourceTree = BUILT_PRODUCTS_DIR; };
		2A3A6916D6E6597953B35C6A /* Pods-CocoapodProUITests.debug.xcconfig */ = {isa = PBXFileReference; includeInIndex = 1; lastKnownFileType = text.xcconfig; name = "Pods-CocoapodProUITests.debug.xcconfig"; path = "Pods/Target Support Files/Pods-CocoapodProUITests/Pods-CocoapodProUITests.debug.xcconfig"; sourceTree = "<group>"; };
		3B85375928C3C3D9F87ADE4A /* Pods-CocoapodPro.debug.xcconfig */ = {isa = PBXFileReference; includeInIndex = 1; lastKnownFileType = text.xcconfig; name = "Pods-CocoapodPro.debug.xcconfig"; path = "Pods/Target Support Files/Pods-CocoapodPro/Pods-CocoapodPro.debug.xcconfig"; sourceTree = "<group>"; };
		3C19A7F750DE39CEF8BF3329 /* libPods-CocoapodPro.a */ = {isa = PBXFileReference; explicitFileType = archive.ar; includeInIndex = 0; path = "libPods-CocoapodPro.a"; sourceTree = BUILT_PRODUCTS_DIR; };
		81CBDE18AC5DA2176EEDD1D6 /* Pods-CocoapodProUITests.release.xcconfig */ = {isa = PBXFileReference; includeInIndex = 1; lastKnownFileType = text.xcconfig; name = "Pods-CocoapodProUITests.release.xcconfig"; path = "Pods/Target Support Files/Pods-CocoapodProUITests/Pods-CocoapodProUITests.release.xcconfig"; sourceTree = "<group>"; };
		8FC3A3F634477C74064738F8 /* libPods-CocoapodProUITests.a */ = {isa = PBXFileReference; explicitFileType = archive.ar; includeInIndex = 0; path = "libPods-CocoapodProUITests.a"; sourceTree = BUILT_PRODUCTS_DIR; };
		9B95511421D5BA35009F6114 /* CocoapodPro.app */ = {isa = PBXFileReference; explicitFileType = wrapper.application; includeInIndex = 0; path = CocoapodPro.app; sourceTree = BUILT_PRODUCTS_DIR; };
		9B95511721D5BA35009F6114 /* AppDelegate.h */ = {isa = PBXFileReference; lastKnownFileType = sourcecode.c.h; path = AppDelegate.h; sourceTree = "<group>"; };
		9B95511821D5BA35009F6114 /* AppDelegate.m */ = {isa = PBXFileReference; lastKnownFileType = sourcecode.c.objc; path = AppDelegate.m; sourceTree = "<group>"; };
		9B95511A21D5BA35009F6114 /* ViewController.h */ = {isa = PBXFileReference; lastKnownFileType = sourcecode.c.h; path = ViewController.h; sourceTree = "<group>"; };
		9B95511B21D5BA35009F6114 /* ViewController.m */ = {isa = PBXFileReference; lastKnownFileType = sourcecode.c.objc; path = ViewController.m; sourceTree = "<group>"; };
		9B95511E21D5BA35009F6114 /* Base */ = {isa = PBXFileReference; lastKnownFileType = file.storyboard; name = Base; path = Base.lproj/Main.storyboard; sourceTree = "<group>"; };
		9B95512021D5BA36009F6114 /* Assets.xcassets */ = {isa = PBXFileReference; lastKnownFileType = folder.assetcatalog; path = Assets.xcassets; sourceTree = "<group>"; };
		9B95512321D5BA36009F6114 /* Base */ = {isa = PBXFileReference; lastKnownFileType = file.storyboard; name = Base; path = Base.lproj/LaunchScreen.storyboard; sourceTree = "<group>"; };
		9B95512521D5BA36009F6114 /* Info.plist */ = {isa = PBXFileReference; lastKnownFileType = text.plist.xml; path = Info.plist; sourceTree = "<group>"; };
		9B95512621D5BA36009F6114 /* main.m */ = {isa = PBXFileReference; lastKnownFileType = sourcecode.c.objc; path = main.m; sourceTree = "<group>"; };
		9B95512C21D5BA36009F6114 /* CocoapodProTests.xctest */ = {isa = PBXFileReference; explicitFileType = wrapper.cfbundle; includeInIndex = 0; path = CocoapodProTests.xctest; sourceTree = BUILT_PRODUCTS_DIR; };
		9B95513021D5BA36009F6114 /* CocoapodProTests.m */ = {isa = PBXFileReference; lastKnownFileType = sourcecode.c.objc; path = CocoapodProTests.m; sourceTree = "<group>"; };
		9B95513221D5BA36009F6114 /* Info.plist */ = {isa = PBXFileReference; lastKnownFileType = text.plist.xml; path = Info.plist; sourceTree = "<group>"; };
		9B95513721D5BA36009F6114 /* CocoapodProUITests.xctest */ = {isa = PBXFileReference; explicitFileType = wrapper.cfbundle; includeInIndex = 0; path = CocoapodProUITests.xctest; sourceTree = BUILT_PRODUCTS_DIR; };
		9B95513B21D5BA36009F6114 /* CocoapodProUITests.m */ = {isa = PBXFileReference; lastKnownFileType = sourcecode.c.objc; path = CocoapodProUITests.m; sourceTree = "<group>"; };
		9B95513D21D5BA36009F6114 /* Info.plist */ = {isa = PBXFileReference; lastKnownFileType = text.plist.xml; path = Info.plist; sourceTree = "<group>"; };
		A16498E9523EED320C2CE188 /* Pods-CocoapodProTests.debug.xcconfig */ = {isa = PBXFileReference; includeInIndex = 1; lastKnownFileType = text.xcconfig; name = "Pods-CocoapodProTests.debug.xcconfig"; path = "Pods/Target Support Files/Pods-CocoapodProTests/Pods-CocoapodProTests.debug.xcconfig"; sourceTree = "<group>"; };
		FEF8950B4988374AB4F01520 /* Pods-CocoapodProTests.release.xcconfig */ = {isa = PBXFileReference; includeInIndex = 1; lastKnownFileType = text.xcconfig; name = "Pods-CocoapodProTests.release.xcconfig"; path = "Pods/Target Support Files/Pods-CocoapodProTests/Pods-CocoapodProTests.release.xcconfig"; sourceTree = "<group>"; };
/* End PBXFileReference section */

/* Begin PBXFrameworksBuildPhase section */
		9B95511121D5BA35009F6114 /* Frameworks */ = {
			isa = PBXFrameworksBuildPhase;
			buildActionMask = 2147483647;
			files = (
				431AD029763CE05C740BEB43 /* libPods-CocoapodPro.a in Frameworks */,
			);
			runOnlyForDeploymentPostprocessing = 0;
		};
		9B95512921D5BA36009F6114 /* Frameworks */ = {
			isa = PBXFrameworksBuildPhase;
			buildActionMask = 2147483647;
			files = (
				1955857642F1A83A658BBEC3 /* libPods-CocoapodProTests.a in Frameworks */,
			);
			runOnlyForDeploymentPostprocessing = 0;
		};
		9B95513421D5BA36009F6114 /* Frameworks */ = {
			isa = PBXFrameworksBuildPhase;
			buildActionMask = 2147483647;
			files = (
				AC5EAA162A2199039EF9A8A7 /* libPods-CocoapodProUITests.a in Frameworks */,
			);
			runOnlyForDeploymentPostprocessing = 0;
		};
/* End PBXFrameworksBuildPhase section */

/* Begin PBXGroup section */
		7EE6DED48C80446C2D1FD07E /* Frameworks */ = {
			isa = PBXGroup;
			children = (
				3C19A7F750DE39CEF8BF3329 /* libPods-CocoapodPro.a */,
				1483DEDC53786FBD38ABD27C /* libPods-CocoapodProTests.a */,
				8FC3A3F634477C74064738F8 /* libPods-CocoapodProUITests.a */,
			);
			name = Frameworks;
			sourceTree = "<group>";
		};
		9B95510B21D5BA35009F6114 = {
			isa = PBXGroup;
			children = (
				9B95511621D5BA35009F6114 /* CocoapodPro */,
				9B95512F21D5BA36009F6114 /* CocoapodProTests */,
				9B95513A21D5BA36009F6114 /* CocoapodProUITests */,
				9B95511521D5BA35009F6114 /* Products */,
				D51E748A15EFFEF36F680B40 /* Pods */,
				7EE6DED48C80446C2D1FD07E /* Frameworks */,
			);
			sourceTree = "<group>";
		};
		9B95511521D5BA35009F6114 /* Products */ = {
			isa = PBXGroup;
			children = (
				9B95511421D5BA35009F6114 /* CocoapodPro.app */,
				9B95512C21D5BA36009F6114 /* CocoapodProTests.xctest */,
				9B95513721D5BA36009F6114 /* CocoapodProUITests.xctest */,
			);
			name = Products;
			sourceTree = "<group>";
		};
		9B95511621D5BA35009F6114 /* CocoapodPro */ = {
			isa = PBXGroup;
			children = (
				9B95511721D5BA35009F6114 /* AppDelegate.h */,
				9B95511821D5BA35009F6114 /* AppDelegate.m */,
				9B95511A21D5BA35009F6114 /* ViewController.h */,
				9B95511B21D5BA35009F6114 /* ViewController.m */,
				9B95511D21D5BA35009F6114 /* Main.storyboard */,
				9B95512021D5BA36009F6114 /* Assets.xcassets */,
				9B95512221D5BA36009F6114 /* LaunchScreen.storyboard */,
				9B95512521D5BA36009F6114 /* Info.plist */,
				9B95512621D5BA36009F6114 /* main.m */,
			);
			path = CocoapodPro;
			sourceTree = "<group>";
		};
		9B95512F21D5BA36009F6114 /* CocoapodProTests */ = {
			isa = PBXGroup;
			children = (
				9B95513021D5BA36009F6114 /* CocoapodProTests.m */,
				9B95513221D5BA36009F6114 /* Info.plist */,
			);
			path = CocoapodProTests;
			sourceTree = "<group>";
		};
		9B95513A21D5BA36009F6114 /* CocoapodProUITests */ = {
			isa = PBXGroup;
			children = (
				9B95513B21D5BA36009F6114 /* CocoapodProUITests.m */,
				9B95513D21D5BA36009F6114 /* Info.plist */,
			);
			path = CocoapodProUITests;
			sourceTree = "<group>";
		};
		D51E748A15EFFEF36F680B40 /* Pods */ = {
			isa = PBXGroup;
			children = (
				3B85375928C3C3D9F87ADE4A /* Pods-CocoapodPro.debug.xcconfig */,
				01B80C4378CF9EFCAAAB2510 /* Pods-CocoapodPro.release.xcconfig */,
				A16498E9523EED320C2CE188 /* Pods-CocoapodProTests.debug.xcconfig */,
				FEF8950B4988374AB4F01520 /* Pods-CocoapodProTests.release.xcconfig */,
				2A3A6916D6E6597953B35C6A /* Pods-CocoapodProUITests.debug.xcconfig */,
				81CBDE18AC5DA2176EEDD1D6 /* Pods-CocoapodProUITests.release.xcconfig */,
			);
			name = Pods;
			sourceTree = "<group>";
		};
/* End PBXGroup section */

/* Begin PBXNativeTarget section */
		9B95511321D5BA35009F6114 /* CocoapodPro */ = {
			isa = PBXNativeTarget;
			buildConfigurationList = 9B95514021D5BA36009F6114 /* Build configuration list for PBXNativeTarget "CocoapodPro" */;
			buildPhases = (
				197E75024624AFEC75B36082 /* [CP] Check Pods Manifest.lock */,
				9B95511021D5BA35009F6114 /* Sources */,
				9B95511121D5BA35009F6114 /* Frameworks */,
				9B95511221D5BA35009F6114 /* Resources */,
				7EA7212CC72A143117285A2A /* [CP] Embed Pods Frameworks */,
				29806B6B884E5E763838E67C /* [CP] Copy Pods Resources */,
			);
			buildRules = (
			);
			dependencies = (
			);
			name = CocoapodPro;
			productName = CocoapodPro;
			productReference = 9B95511421D5BA35009F6114 /* CocoapodPro.app */;
			productType = "com.apple.product-type.application";
		};
		9B95512B21D5BA36009F6114 /* CocoapodProTests */ = {
			isa = PBXNativeTarget;
			buildConfigurationList = 9B95514321D5BA36009F6114 /* Build configuration list for PBXNativeTarget "CocoapodProTests" */;
			buildPhases = (
				61EFB776EBD4091E903E9990 /* [CP] Check Pods Manifest.lock */,
				9B95512821D5BA36009F6114 /* Sources */,
				9B95512921D5BA36009F6114 /* Frameworks */,
				9B95512A21D5BA36009F6114 /* Resources */,
				F739DC47589D430319C7FD10 /* [CP] Embed Pods Frameworks */,
				442B11C6074EB661816C408B /* [CP] Copy Pods Resources */,
			);
			buildRules = (
			);
			dependencies = (
				9B95512E21D5BA36009F6114 /* PBXTargetDependency */,
			);
			name = CocoapodProTests;
			productName = CocoapodProTests;
			productReference = 9B95512C21D5BA36009F6114 /* CocoapodProTests.xctest */;
			productType = "com.apple.product-type.bundle.unit-test";
		};
		9B95513621D5BA36009F6114 /* CocoapodProUITests */ = {
			isa = PBXNativeTarget;
			buildConfigurationList = 9B95514621D5BA36009F6114 /* Build configuration list for PBXNativeTarget "CocoapodProUITests" */;
			buildPhases = (
				5DDB6C3F76580CF3108A25B8 /* [CP] Check Pods Manifest.lock */,
				9B95513321D5BA36009F6114 /* Sources */,
				9B95513421D5BA36009F6114 /* Frameworks */,
				9B95513521D5BA36009F6114 /* Resources */,
				17F030BAB701A3CABC01F63C /* [CP] Embed Pods Frameworks */,
				008BA4D44DA522F806E217DF /* [CP] Copy Pods Resources */,
			);
			buildRules = (
			);
			dependencies = (
				9B95513921D5BA36009F6114 /* PBXTargetDependency */,
			);
			name = CocoapodProUITests;
			productName = CocoapodProUITests;
			productReference = 9B95513721D5BA36009F6114 /* CocoapodProUITests.xctest */;
			productType = "com.apple.product-type.bundle.ui-testing";
		};
/* End PBXNativeTarget section */

/* Begin PBXProject section */
		9B95510C21D5BA35009F6114 /* Project object */ = {
			isa = PBXProject;
			attributes = {
				LastUpgradeCheck = 1000;
				ORGANIZATIONNAME = Lee;
				TargetAttributes = {
					9B95511321D5BA35009F6114 = {
						CreatedOnToolsVersion = 10.0;
					};
					9B95512B21D5BA36009F6114 = {
						CreatedOnToolsVersion = 10.0;
						TestTargetID = 9B95511321D5BA35009F6114;
					};
					9B95513621D5BA36009F6114 = {
						CreatedOnToolsVersion = 10.0;
						TestTargetID = 9B95511321D5BA35009F6114;
					};
				};
			};
			buildConfigurationList = 9B95510F21D5BA35009F6114 /* Build configuration list for PBXProject "CocoapodPro" */;
			compatibilityVersion = "Xcode 9.3";
			developmentRegion = en;
			hasScannedForEncodings = 0;
			knownRegions = (
				en,
				Base,
			);
			mainGroup = 9B95510B21D5BA35009F6114;
			productRefGroup = 9B95511521D5BA35009F6114 /* Products */;
			projectDirPath = "";
			projectRoot = "";
			targets = (
				9B95511321D5BA35009F6114 /* CocoapodPro */,
				9B95512B21D5BA36009F6114 /* CocoapodProTests */,
				9B95513621D5BA36009F6114 /* CocoapodProUITests */,
			);
		};
/* End PBXProject section */

/* Begin PBXResourcesBuildPhase section */
		9B95511221D5BA35009F6114 /* Resources */ = {
			isa = PBXResourcesBuildPhase;
			buildActionMask = 2147483647;
			files = (
				9B95512421D5BA36009F6114 /* LaunchScreen.storyboard in Resources */,
				9B95512121D5BA36009F6114 /* Assets.xcassets in Resources */,
				9B95511F21D5BA35009F6114 /* Main.storyboard in Resources */,
			);
			runOnlyForDeploymentPostprocessing = 0;
		};
		9B95512A21D5BA36009F6114 /* Resources */ = {
			isa = PBXResourcesBuildPhase;
			buildActionMask = 2147483647;
			files = (
			);
			runOnlyForDeploymentPostprocessing = 0;
		};
		9B95513521D5BA36009F6114 /* Resources */ = {
			isa = PBXResourcesBuildPhase;
			buildActionMask = 2147483647;
			files = (
			);
			runOnlyForDeploymentPostprocessing = 0;
		};
/* End PBXResourcesBuildPhase section */

/* Begin PBXShellScriptBuildPhase section */
		008BA4D44DA522F806E217DF /* [CP] Copy Pods Resources */ = {
			isa = PBXShellScriptBuildPhase;
			buildActionMask = 2147483647;
			files = (
			);
			inputPaths = (
			);
			name = "[CP] Copy Pods Resources";
			outputPaths = (
			);
			runOnlyForDeploymentPostprocessing = 0;
			shellPath = /bin/sh;
			shellScript = "\"${SRCROOT}/Pods/Target Support Files/Pods-CocoapodProUITests/Pods-CocoapodProUITests-resources.sh\"\n";
			showEnvVarsInLog = 0;
		};
		17F030BAB701A3CABC01F63C /* [CP] Embed Pods Frameworks */ = {
			isa = PBXShellScriptBuildPhase;
			buildActionMask = 2147483647;
			files = (
			);
			inputPaths = (
			);
			name = "[CP] Embed Pods Frameworks";
			outputPaths = (
			);
			runOnlyForDeploymentPostprocessing = 0;
			shellPath = /bin/sh;
			shellScript = "\"${SRCROOT}/Pods/Target Support Files/Pods-CocoapodProUITests/Pods-CocoapodProUITests-frameworks.sh\"\n";
			showEnvVarsInLog = 0;
		};
		197E75024624AFEC75B36082 /* [CP] Check Pods Manifest.lock */ = {
			isa = PBXShellScriptBuildPhase;
			buildActionMask = 2147483647;
			files = (
			);
			inputPaths = (
				"${PODS_PODFILE_DIR_PATH}/Podfile.lock",
				"${PODS_ROOT}/Manifest.lock",
			);
			name = "[CP] Check Pods Manifest.lock";
			outputPaths = (
				"$(DERIVED_FILE_DIR)/Pods-CocoapodPro-checkManifestLockResult.txt",
			);
			runOnlyForDeploymentPostprocessing = 0;
			shellPath = /bin/sh;
			shellScript = "diff \"${PODS_PODFILE_DIR_PATH}/Podfile.lock\" \"${PODS_ROOT}/Manifest.lock\" > /dev/null\nif [ $? != 0 ] ; then\n    # print error to STDERR\n    echo \"error: The sandbox is not in sync with the Podfile.lock. Run 'pod install' or update your CocoaPods installation.\" >&2\n    exit 1\nfi\n# This output is used by Xcode 'outputs' to avoid re-running this script phase.\necho \"SUCCESS\" > \"${SCRIPT_OUTPUT_FILE_0}\"\n";
			showEnvVarsInLog = 0;
		};
		29806B6B884E5E763838E67C /* [CP] Copy Pods Resources */ = {
			isa = PBXShellScriptBuildPhase;
			buildActionMask = 2147483647;
			files = (
			);
			inputPaths = (
			);
			name = "[CP] Copy Pods Resources";
			outputPaths = (
			);
			runOnlyForDeploymentPostprocessing = 0;
			shellPath = /bin/sh;
			shellScript = "\"${SRCROOT}/Pods/Target Support Files/Pods-CocoapodPro/Pods-CocoapodPro-resources.sh\"\n";
			showEnvVarsInLog = 0;
		};
		442B11C6074EB661816C408B /* [CP] Copy Pods Resources */ = {
			isa = PBXShellScriptBuildPhase;
			buildActionMask = 2147483647;
			files = (
			);
			inputPaths = (
			);
			name = "[CP] Copy Pods Resources";
			outputPaths = (
			);
			runOnlyForDeploymentPostprocessing = 0;
			shellPath = /bin/sh;
			shellScript = "\"${SRCROOT}/Pods/Target Support Files/Pods-CocoapodProTests/Pods-CocoapodProTests-resources.sh\"\n";
			showEnvVarsInLog = 0;
		};
		5DDB6C3F76580CF3108A25B8 /* [CP] Check Pods Manifest.lock */ = {
			isa = PBXShellScriptBuildPhase;
			buildActionMask = 2147483647;
			files = (
			);
			inputPaths = (
				"${PODS_PODFILE_DIR_PATH}/Podfile.lock",
				"${PODS_ROOT}/Manifest.lock",
			);
			name = "[CP] Check Pods Manifest.lock";
			outputPaths = (
				"$(DERIVED_FILE_DIR)/Pods-CocoapodProUITests-checkManifestLockResult.txt",
			);
			runOnlyForDeploymentPostprocessing = 0;
			shellPath = /bin/sh;
			shellScript = "diff \"${PODS_PODFILE_DIR_PATH}/Podfile.lock\" \"${PODS_ROOT}/Manifest.lock\" > /dev/null\nif [ $? != 0 ] ; then\n    # print error to STDERR\n    echo \"error: The sandbox is not in sync with the Podfile.lock. Run 'pod install' or update your CocoaPods installation.\" >&2\n    exit 1\nfi\n# This output is used by Xcode 'outputs' to avoid re-running this script phase.\necho \"SUCCESS\" > \"${SCRIPT_OUTPUT_FILE_0}\"\n";
			showEnvVarsInLog = 0;
		};
		61EFB776EBD4091E903E9990 /* [CP] Check Pods Manifest.lock */ = {
			isa = PBXShellScriptBuildPhase;
			buildActionMask = 2147483647;
			files = (
			);
			inputPaths = (
				"${PODS_PODFILE_DIR_PATH}/Podfile.lock",
				"${PODS_ROOT}/Manifest.lock",
			);
			name = "[CP] Check Pods Manifest.lock";
			outputPaths = (
				"$(DERIVED_FILE_DIR)/Pods-CocoapodProTests-checkManifestLockResult.txt",
			);
			runOnlyForDeploymentPostprocessing = 0;
			shellPath = /bin/sh;
			shellScript = "diff \"${PODS_PODFILE_DIR_PATH}/Podfile.lock\" \"${PODS_ROOT}/Manifest.lock\" > /dev/null\nif [ $? != 0 ] ; then\n    # print error to STDERR\n    echo \"error: The sandbox is not in sync with the Podfile.lock. Run 'pod install' or update your CocoaPods installation.\" >&2\n    exit 1\nfi\n# This output is used by Xcode 'outputs' to avoid re-running this script phase.\necho \"SUCCESS\" > \"${SCRIPT_OUTPUT_FILE_0}\"\n";
			showEnvVarsInLog = 0;
		};
		7EA7212CC72A143117285A2A /* [CP] Embed Pods Frameworks */ = {
			isa = PBXShellScriptBuildPhase;
			buildActionMask = 2147483647;
			files = (
			);
			inputPaths = (
			);
			name = "[CP] Embed Pods Frameworks";
			outputPaths = (
			);
			runOnlyForDeploymentPostprocessing = 0;
			shellPath = /bin/sh;
			shellScript = "\"${SRCROOT}/Pods/Target Support Files/Pods-CocoapodPro/Pods-CocoapodPro-frameworks.sh\"\n";
			showEnvVarsInLog = 0;
		};
		F739DC47589D430319C7FD10 /* [CP] Embed Pods Frameworks */ = {
			isa = PBXShellScriptBuildPhase;
			buildActionMask = 2147483647;
			files = (
			);
			inputPaths = (
			);
			name = "[CP] Embed Pods Frameworks";
			outputPaths = (
			);
			runOnlyForDeploymentPostprocessing = 0;
			shellPath = /bin/sh;
			shellScript = "\"${SRCROOT}/Pods/Target Support Files/Pods-CocoapodProTests/Pods-CocoapodProTests-frameworks.sh\"\n";
			showEnvVarsInLog = 0;
		};
/* End PBXShellScriptBuildPhase section */

/* Begin PBXSourcesBuildPhase section */
		9B95511021D5BA35009F6114 /* Sources */ = {
			isa = PBXSourcesBuildPhase;
			buildActionMask = 2147483647;
			files = (
				9B95511C21D5BA35009F6114 /* ViewController.m in Sources */,
				9B95512721D5BA36009F6114 /* main.m in Sources */,
				9B95511921D5BA35009F6114 /* AppDelegate.m in Sources */,
			);
			runOnlyForDeploymentPostprocessing = 0;
		};
		9B95512821D5BA36009F6114 /* Sources */ = {
			isa = PBXSourcesBuildPhase;
			buildActionMask = 2147483647;
			files = (
				9B95513121D5BA36009F6114 /* CocoapodProTests.m in Sources */,
			);
			runOnlyForDeploymentPostprocessing = 0;
		};
		9B95513321D5BA36009F6114 /* Sources */ = {
			isa = PBXSourcesBuildPhase;
			buildActionMask = 2147483647;
			files = (
				9B95513C21D5BA36009F6114 /* CocoapodProUITests.m in Sources */,
			);
			runOnlyForDeploymentPostprocessing = 0;
		};
/* End PBXSourcesBuildPhase section */

/* Begin PBXTargetDependency section */
		9B95512E21D5BA36009F6114 /* PBXTargetDependency */ = {
			isa = PBXTargetDependency;
			target = 9B95511321D5BA35009F6114 /* CocoapodPro */;
			targetProxy = 9B95512D21D5BA36009F6114 /* PBXContainerItemProxy */;
		};
		9B95513921D5BA36009F6114 /* PBXTargetDependency */ = {
			isa = PBXTargetDependency;
			target = 9B95511321D5BA35009F6114 /* CocoapodPro */;
			targetProxy = 9B95513821D5BA36009F6114 /* PBXContainerItemProxy */;
		};
/* End PBXTargetDependency section */

/* Begin PBXVariantGroup section */
		9B95511D21D5BA35009F6114 /* Main.storyboard */ = {
			isa = PBXVariantGroup;
			children = (
				9B95511E21D5BA35009F6114 /* Base */,
			);
			name = Main.storyboard;
			sourceTree = "<group>";
		};
		9B95512221D5BA36009F6114 /* LaunchScreen.storyboard */ = {
			isa = PBXVariantGroup;
			children = (
				9B95512321D5BA36009F6114 /* Base */,
			);
			name = LaunchScreen.storyboard;
			sourceTree = "<group>";
		};
/* End PBXVariantGroup section */

/* Begin XCBuildConfiguration section */
		9B95513E21D5BA36009F6114 /* Debug */ = {
			isa = XCBuildConfiguration;
			buildSettings = {
				ALWAYS_SEARCH_USER_PATHS = NO;
				CLANG_ANALYZER_NONNULL = YES;
				CLANG_ANALYZER_NUMBER_OBJECT_CONVERSION = YES_AGGRESSIVE;
				CLANG_CXX_LANGUAGE_STANDARD = "gnu++14";
				CLANG_CXX_LIBRARY = "libc++";
				CLANG_ENABLE_MODULES = YES;
				CLANG_ENABLE_OBJC_ARC = YES;
				CLANG_ENABLE_OBJC_WEAK = YES;
				CLANG_WARN_BLOCK_CAPTURE_AUTORELEASING = YES;
				CLANG_WARN_BOOL_CONVERSION = YES;
				CLANG_WARN_COMMA = YES;
				CLANG_WARN_CONSTANT_CONVERSION = YES;
				CLANG_WARN_DEPRECATED_OBJC_IMPLEMENTATIONS = YES;
				CLANG_WARN_DIRECT_OBJC_ISA_USAGE = YES_ERROR;
				CLANG_WARN_DOCUMENTATION_COMMENTS = YES;
				CLANG_WARN_EMPTY_BODY = YES;
				CLANG_WARN_ENUM_CONVERSION = YES;
				CLANG_WARN_INFINITE_RECURSION = YES;
				CLANG_WARN_INT_CONVERSION = YES;
				CLANG_WARN_NON_LITERAL_NULL_CONVERSION = YES;
				CLANG_WARN_OBJC_IMPLICIT_RETAIN_SELF = YES;
				CLANG_WARN_OBJC_LITERAL_CONVERSION = YES;
				CLANG_WARN_OBJC_ROOT_CLASS = YES_ERROR;
				CLANG_WARN_RANGE_LOOP_ANALYSIS = YES;
				CLANG_WARN_STRICT_PROTOTYPES = YES;
				CLANG_WARN_SUSPICIOUS_MOVE = YES;
				CLANG_WARN_UNGUARDED_AVAILABILITY = YES_AGGRESSIVE;
				CLANG_WARN_UNREACHABLE_CODE = YES;
				CLANG_WARN__DUPLICATE_METHOD_MATCH = YES;
				CODE_SIGN_IDENTITY = "iPhone Developer";
				COPY_PHASE_STRIP = NO;
				DEBUG_INFORMATION_FORMAT = dwarf;
				ENABLE_STRICT_OBJC_MSGSEND = YES;
				ENABLE_TESTABILITY = YES;
				GCC_C_LANGUAGE_STANDARD = gnu11;
				GCC_DYNAMIC_NO_PIC = NO;
				GCC_NO_COMMON_BLOCKS = YES;
				GCC_OPTIMIZATION_LEVEL = 0;
				GCC_PREPROCESSOR_DEFINITIONS = (
					"DEBUG=1",
					"$(inherited)",
				);
				GCC_WARN_64_TO_32_BIT_CONVERSION = YES;
				GCC_WARN_ABOUT_RETURN_TYPE = YES_ERROR;
				GCC_WARN_UNDECLARED_SELECTOR = YES;
				GCC_WARN_UNINITIALIZED_AUTOS = YES_AGGRESSIVE;
				GCC_WARN_UNUSED_FUNCTION = YES;
				GCC_WARN_UNUSED_VARIABLE = YES;
				IPHONEOS_DEPLOYMENT_TARGET = 12.0;
				MTL_ENABLE_DEBUG_INFO = INCLUDE_SOURCE;
				MTL_FAST_MATH = YES;
				ONLY_ACTIVE_ARCH = YES;
				SDKROOT = iphoneos;
			};
			name = Debug;
		};
		9B95513F21D5BA36009F6114 /* Release */ = {
			isa = XCBuildConfiguration;
			buildSettings = {
				ALWAYS_SEARCH_USER_PATHS = NO;
				CLANG_ANALYZER_NONNULL = YES;
				CLANG_ANALYZER_NUMBER_OBJECT_CONVERSION = YES_AGGRESSIVE;
				CLANG_CXX_LANGUAGE_STANDARD = "gnu++14";
				CLANG_CXX_LIBRARY = "libc++";
				CLANG_ENABLE_MODULES = YES;
				CLANG_ENABLE_OBJC_ARC = YES;
				CLANG_ENABLE_OBJC_WEAK = YES;
				CLANG_WARN_BLOCK_CAPTURE_AUTORELEASING = YES;
				CLANG_WARN_BOOL_CONVERSION = YES;
				CLANG_WARN_COMMA = YES;
				CLANG_WARN_CONSTANT_CONVERSION = YES;
				CLANG_WARN_DEPRECATED_OBJC_IMPLEMENTATIONS = YES;
				CLANG_WARN_DIRECT_OBJC_ISA_USAGE = YES_ERROR;
				CLANG_WARN_DOCUMENTATION_COMMENTS = YES;
				CLANG_WARN_EMPTY_BODY = YES;
				CLANG_WARN_ENUM_CONVERSION = YES;
				CLANG_WARN_INFINITE_RECURSION = YES;
				CLANG_WARN_INT_CONVERSION = YES;
				CLANG_WARN_NON_LITERAL_NULL_CONVERSION = YES;
				CLANG_WARN_OBJC_IMPLICIT_RETAIN_SELF = YES;
				CLANG_WARN_OBJC_LITERAL_CONVERSION = YES;
				CLANG_WARN_OBJC_ROOT_CLASS = YES_ERROR;
				CLANG_WARN_RANGE_LOOP_ANALYSIS = YES;
				CLANG_WARN_STRICT_PROTOTYPES = YES;
				CLANG_WARN_SUSPICIOUS_MOVE = YES;
				CLANG_WARN_UNGUARDED_AVAILABILITY = YES_AGGRESSIVE;
				CLANG_WARN_UNREACHABLE_CODE = YES;
				CLANG_WARN__DUPLICATE_METHOD_MATCH = YES;
				CODE_SIGN_IDENTITY = "iPhone Developer";
				COPY_PHASE_STRIP = NO;
				DEBUG_INFORMATION_FORMAT = "dwarf-with-dsym";
				ENABLE_NS_ASSERTIONS = NO;
				ENABLE_STRICT_OBJC_MSGSEND = YES;
				GCC_C_LANGUAGE_STANDARD = gnu11;
				GCC_NO_COMMON_BLOCKS = YES;
				GCC_WARN_64_TO_32_BIT_CONVERSION = YES;
				GCC_WARN_ABOUT_RETURN_TYPE = YES_ERROR;
				GCC_WARN_UNDECLARED_SELECTOR = YES;
				GCC_WARN_UNINITIALIZED_AUTOS = YES_AGGRESSIVE;
				GCC_WARN_UNUSED_FUNCTION = YES;
				GCC_WARN_UNUSED_VARIABLE = YES;
				IPHONEOS_DEPLOYMENT_TARGET = 12.0;
				MTL_ENABLE_DEBUG_INFO = NO;
				MTL_FAST_MATH = YES;
				SDKROOT = iphoneos;
				VALIDATE_PRODUCT = YES;
			};
			name = Release;
		};
		9B95514121D5BA36009F6114 /* Debug */ = {
			isa = XCBuildConfiguration;
			baseConfigurationReference = 3B85375928C3C3D9F87ADE4A /* Pods-CocoapodPro.debug.xcconfig */;
			buildSettings = {
				ASSETCATALOG_COMPILER_APPICON_NAME = AppIcon;
				CODE_SIGN_STYLE = Automatic;
				DEVELOPMENT_TEAM = 25TR5G565J;
				INFOPLIST_FILE = CocoapodPro/Info.plist;
				LD_RUNPATH_SEARCH_PATHS = "$(inherited) @executable_path/Frameworks";
				PRODUCT_BUNDLE_IDENTIFIER = com.eastmoney.CocoapodPro;
				PRODUCT_NAME = "$(TARGET_NAME)";
				TARGETED_DEVICE_FAMILY = "1,2";
			};
			name = Debug;
		};
		9B95514221D5BA36009F6114 /* Release */ = {
			isa = XCBuildConfiguration;
			baseConfigurationReference = 01B80C4378CF9EFCAAAB2510 /* Pods-CocoapodPro.release.xcconfig */;
			buildSettings = {
				ASSETCATALOG_COMPILER_APPICON_NAME = AppIcon;
				CODE_SIGN_STYLE = Automatic;
				DEVELOPMENT_TEAM = 25TR5G565J;
				INFOPLIST_FILE = CocoapodPro/Info.plist;
				LD_RUNPATH_SEARCH_PATHS = "$(inherited) @executable_path/Frameworks";
				PRODUCT_BUNDLE_IDENTIFIER = com.eastmoney.CocoapodPro;
				PRODUCT_NAME = "$(TARGET_NAME)";
				TARGETED_DEVICE_FAMILY = "1,2";
			};
			name = Release;
		};
		9B95514421D5BA36009F6114 /* Debug */ = {
			isa = XCBuildConfiguration;
			baseConfigurationReference = A16498E9523EED320C2CE188 /* Pods-CocoapodProTests.debug.xcconfig */;
			buildSettings = {
				BUNDLE_LOADER = "$(TEST_HOST)";
				CODE_SIGN_STYLE = Automatic;
				DEVELOPMENT_TEAM = 25TR5G565J;
				INFOPLIST_FILE = CocoapodProTests/Info.plist;
				LD_RUNPATH_SEARCH_PATHS = "$(inherited) @executable_path/Frameworks @loader_path/Frameworks";
				PRODUCT_BUNDLE_IDENTIFIER = com.eastmoney.CocoapodProTests;
				PRODUCT_NAME = "$(TARGET_NAME)";
				TARGETED_DEVICE_FAMILY = "1,2";
				TEST_HOST = "$(BUILT_PRODUCTS_DIR)/CocoapodPro.app/CocoapodPro";
			};
			name = Debug;
		};
		9B95514521D5BA36009F6114 /* Release */ = {
			isa = XCBuildConfiguration;
			baseConfigurationReference = FEF8950B4988374AB4F01520 /* Pods-CocoapodProTests.release.xcconfig */;
			buildSettings = {
				BUNDLE_LOADER = "$(TEST_HOST)";
				CODE_SIGN_STYLE = Automatic;
				DEVELOPMENT_TEAM = 25TR5G565J;
				INFOPLIST_FILE = CocoapodProTests/Info.plist;
				LD_RUNPATH_SEARCH_PATHS = "$(inherited) @executable_path/Frameworks @loader_path/Frameworks";
				PRODUCT_BUNDLE_IDENTIFIER = com.eastmoney.CocoapodProTests;
				PRODUCT_NAME = "$(TARGET_NAME)";
				TARGETED_DEVICE_FAMILY = "1,2";
				TEST_HOST = "$(BUILT_PRODUCTS_DIR)/CocoapodPro.app/CocoapodPro";
			};
			name = Release;
		};
		9B95514721D5BA36009F6114 /* Debug */ = {
			isa = XCBuildConfiguration;
			baseConfigurationReference = 2A3A6916D6E6597953B35C6A /* Pods-CocoapodProUITests.debug.xcconfig */;
			buildSettings = {
				CODE_SIGN_STYLE = Automatic;
				DEVELOPMENT_TEAM = 25TR5G565J;
				INFOPLIST_FILE = CocoapodProUITests/Info.plist;
				LD_RUNPATH_SEARCH_PATHS = "$(inherited) @executable_path/Frameworks @loader_path/Frameworks";
				PRODUCT_BUNDLE_IDENTIFIER = com.eastmoney.CocoapodProUITests;
				PRODUCT_NAME = "$(TARGET_NAME)";
				TARGETED_DEVICE_FAMILY = "1,2";
				TEST_TARGET_NAME = CocoapodPro;
			};
			name = Debug;
		};
		9B95514821D5BA36009F6114 /* Release */ = {
			isa = XCBuildConfiguration;
			baseConfigurationReference = 81CBDE18AC5DA2176EEDD1D6 /* Pods-CocoapodProUITests.release.xcconfig */;
			buildSettings = {
				CODE_SIGN_STYLE = Automatic;
				DEVELOPMENT_TEAM = 25TR5G565J;
				INFOPLIST_FILE = CocoapodProUITests/Info.plist;
				LD_RUNPATH_SEARCH_PATHS = "$(inherited) @executable_path/Frameworks @loader_path/Frameworks";
				PRODUCT_BUNDLE_IDENTIFIER = com.eastmoney.CocoapodProUITests;
				PRODUCT_NAME = "$(TARGET_NAME)";
				TARGETED_DEVICE_FAMILY = "1,2";
				TEST_TARGET_NAME = CocoapodPro;
			};
			name = Release;
		};
/* End XCBuildConfiguration section */

/* Begin XCConfigurationList section */
		9B95510F21D5BA35009F6114 /* Build configuration list for PBXProject "CocoapodPro" */ = {
			isa = XCConfigurationList;
			buildConfigurations = (
				9B95513E21D5BA36009F6114 /* Debug */,
				9B95513F21D5BA36009F6114 /* Release */,
			);
			defaultConfigurationIsVisible = 0;
			defaultConfigurationName = Release;
		};
		9B95514021D5BA36009F6114 /* Build configuration list for PBXNativeTarget "CocoapodPro" */ = {
			isa = XCConfigurationList;
			buildConfigurations = (
				9B95514121D5BA36009F6114 /* Debug */,
				9B95514221D5BA36009F6114 /* Release */,
			);
			defaultConfigurationIsVisible = 0;
			defaultConfigurationName = Release;
		};
		9B95514321D5BA36009F6114 /* Build configuration list for PBXNativeTarget "CocoapodProTests" */ = {
			isa = XCConfigurationList;
			buildConfigurations = (
				9B95514421D5BA36009F6114 /* Debug */,
				9B95514521D5BA36009F6114 /* Release */,
			);
			defaultConfigurationIsVisible = 0;
			defaultConfigurationName = Release;
		};
		9B95514621D5BA36009F6114 /* Build configuration list for PBXNativeTarget "CocoapodProUITests" */ = {
			isa = XCConfigurationList;
			buildConfigurations = (
				9B95514721D5BA36009F6114 /* Debug */,
				9B95514821D5BA36009F6114 /* Release */,
			);
			defaultConfigurationIsVisible = 0;
			defaultConfigurationName = Release;
		};
/* End XCConfigurationList section */
	};
	rootObject = 9B95510C21D5BA35009F6114 /* Project object */;
}
