// !$*UTF8*$!
{
	archiveVersion = 1;
	classes = {
	};
	objectVersion = 50;
	objects = {

/* Begin PBXBuildFile section */
		1B541F28838105A2FABE6003 /* libPods-CocoaPodProUITests.a in Frameworks */ = {isa = PBXBuildFile; fileRef = 0022538E5E5F0E8CB227A242 /* libPods-CocoaPodProUITests.a */; };
		20697DD583BFDA2140F4985E /* libPods-CocoaPodProTests.a in Frameworks */ = {isa = PBXBuildFile; fileRef = 3241D2847CDE8ECB352D137C /* libPods-CocoaPodProTests.a */; };
		9B9551D321D5C31E009F6114 /* AppDelegate.m in Sources */ = {isa = PBXBuildFile; fileRef = 9B9551D221D5C31E009F6114 /* AppDelegate.m */; };
		9B9551D621D5C31E009F6114 /* ViewController.m in Sources */ = {isa = PBXBuildFile; fileRef = 9B9551D521D5C31E009F6114 /* ViewController.m */; };
		9B9551D921D5C31E009F6114 /* Main.storyboard in Resources */ = {isa = PBXBuildFile; fileRef = 9B9551D721D5C31E009F6114 /* Main.storyboard */; };
		9B9551DB21D5C31F009F6114 /* Assets.xcassets in Resources */ = {isa = PBXBuildFile; fileRef = 9B9551DA21D5C31F009F6114 /* Assets.xcassets */; };
		9B9551DE21D5C31F009F6114 /* LaunchScreen.storyboard in Resources */ = {isa = PBXBuildFile; fileRef = 9B9551DC21D5C31F009F6114 /* LaunchScreen.storyboard */; };
		9B9551E121D5C31F009F6114 /* main.m in Sources */ = {isa = PBXBuildFile; fileRef = 9B9551E021D5C31F009F6114 /* main.m */; };
		9B9551EB21D5C31F009F6114 /* CocoaPodProTests.m in Sources */ = {isa = PBXBuildFile; fileRef = 9B9551EA21D5C31F009F6114 /* CocoaPodProTests.m */; };
		9B9551F621D5C31F009F6114 /* CocoaPodProUITests.m in Sources */ = {isa = PBXBuildFile; fileRef = 9B9551F521D5C31F009F6114 /* CocoaPodProUITests.m */; };
		F3ED6F2985E9A94E7DD17808 /* libPods-CocoaPodPro.a in Frameworks */ = {isa = PBXBuildFile; fileRef = EE3C5DF58C8C746F55A37938 /* libPods-CocoaPodPro.a */; };
/* End PBXBuildFile section */

/* Begin PBXContainerItemProxy section */
		9B9551E721D5C31F009F6114 /* PBXContainerItemProxy */ = {
			isa = PBXContainerItemProxy;
			containerPortal = 9B9551C621D5C31E009F6114 /* Project object */;
			proxyType = 1;
			remoteGlobalIDString = 9B9551CD21D5C31E009F6114;
			remoteInfo = CocoaPodPro;
		};
		9B9551F221D5C31F009F6114 /* PBXContainerItemProxy */ = {
			isa = PBXContainerItemProxy;
			containerPortal = 9B9551C621D5C31E009F6114 /* Project object */;
			proxyType = 1;
			remoteGlobalIDString = 9B9551CD21D5C31E009F6114;
			remoteInfo = CocoaPodPro;
		};
/* End PBXContainerItemProxy section */

/* Begin PBXFileReference section */
		0022538E5E5F0E8CB227A242 /* libPods-CocoaPodProUITests.a */ = {isa = PBXFileReference; explicitFileType = archive.ar; includeInIndex = 0; path = "libPods-CocoaPodProUITests.a"; sourceTree = BUILT_PRODUCTS_DIR; };
		14441E7ABC21CA391B246435 /* Pods-CocoaPodProUITests.debug.xcconfig */ = {isa = PBXFileReference; includeInIndex = 1; lastKnownFileType = text.xcconfig; name = "Pods-CocoaPodProUITests.debug.xcconfig"; path = "Pods/Target Support Files/Pods-CocoaPodProUITests/Pods-CocoaPodProUITests.debug.xcconfig"; sourceTree = "<group>"; };
		1BE15296D1BAE7BE2A7D95D1 /* Pods-CocoaPodProTests.debug.xcconfig */ = {isa = PBXFileReference; includeInIndex = 1; lastKnownFileType = text.xcconfig; name = "Pods-CocoaPodProTests.debug.xcconfig"; path = "Pods/Target Support Files/Pods-CocoaPodProTests/Pods-CocoaPodProTests.debug.xcconfig"; sourceTree = "<group>"; };
		2C221AC9734E1400A748A61B /* Pods-CocoaPodProUITests.release.xcconfig */ = {isa = PBXFileReference; includeInIndex = 1; lastKnownFileType = text.xcconfig; name = "Pods-CocoaPodProUITests.release.xcconfig"; path = "Pods/Target Support Files/Pods-CocoaPodProUITests/Pods-CocoaPodProUITests.release.xcconfig"; sourceTree = "<group>"; };
		3241D2847CDE8ECB352D137C /* libPods-CocoaPodProTests.a */ = {isa = PBXFileReference; explicitFileType = archive.ar; includeInIndex = 0; path = "libPods-CocoaPodProTests.a"; sourceTree = BUILT_PRODUCTS_DIR; };
		828B640335749B2D72663F43 /* Pods-CocoaPodPro.debug.xcconfig */ = {isa = PBXFileReference; includeInIndex = 1; lastKnownFileType = text.xcconfig; name = "Pods-CocoaPodPro.debug.xcconfig"; path = "Pods/Target Support Files/Pods-CocoaPodPro/Pods-CocoaPodPro.debug.xcconfig"; sourceTree = "<group>"; };
		9B9551CE21D5C31E009F6114 /* CocoaPodPro.app */ = {isa = PBXFileReference; explicitFileType = wrapper.application; includeInIndex = 0; path = CocoaPodPro.app; sourceTree = BUILT_PRODUCTS_DIR; };
		9B9551D121D5C31E009F6114 /* AppDelegate.h */ = {isa = PBXFileReference; lastKnownFileType = sourcecode.c.h; path = AppDelegate.h; sourceTree = "<group>"; };
		9B9551D221D5C31E009F6114 /* AppDelegate.m */ = {isa = PBXFileReference; lastKnownFileType = sourcecode.c.objc; path = AppDelegate.m; sourceTree = "<group>"; };
		9B9551D421D5C31E009F6114 /* ViewController.h */ = {isa = PBXFileReference; lastKnownFileType = sourcecode.c.h; path = ViewController.h; sourceTree = "<group>"; };
		9B9551D521D5C31E009F6114 /* ViewController.m */ = {isa = PBXFileReference; lastKnownFileType = sourcecode.c.objc; path = ViewController.m; sourceTree = "<group>"; };
		9B9551D821D5C31E009F6114 /* Base */ = {isa = PBXFileReference; lastKnownFileType = file.storyboard; name = Base; path = Base.lproj/Main.storyboard; sourceTree = "<group>"; };
		9B9551DA21D5C31F009F6114 /* Assets.xcassets */ = {isa = PBXFileReference; lastKnownFileType = folder.assetcatalog; path = Assets.xcassets; sourceTree = "<group>"; };
		9B9551DD21D5C31F009F6114 /* Base */ = {isa = PBXFileReference; lastKnownFileType = file.storyboard; name = Base; path = Base.lproj/LaunchScreen.storyboard; sourceTree = "<group>"; };
		9B9551DF21D5C31F009F6114 /* Info.plist */ = {isa = PBXFileReference; lastKnownFileType = text.plist.xml; path = Info.plist; sourceTree = "<group>"; };
		9B9551E021D5C31F009F6114 /* main.m */ = {isa = PBXFileReference; lastKnownFileType = sourcecode.c.objc; path = main.m; sourceTree = "<group>"; };
		9B9551E621D5C31F009F6114 /* CocoaPodProTests.xctest */ = {isa = PBXFileReference; explicitFileType = wrapper.cfbundle; includeInIndex = 0; path = CocoaPodProTests.xctest; sourceTree = BUILT_PRODUCTS_DIR; };
		9B9551EA21D5C31F009F6114 /* CocoaPodProTests.m */ = {isa = PBXFileReference; lastKnownFileType = sourcecode.c.objc; path = CocoaPodProTests.m; sourceTree = "<group>"; };
		9B9551EC21D5C31F009F6114 /* Info.plist */ = {isa = PBXFileReference; lastKnownFileType = text.plist.xml; path = Info.plist; sourceTree = "<group>"; };
		9B9551F121D5C31F009F6114 /* CocoaPodProUITests.xctest */ = {isa = PBXFileReference; explicitFileType = wrapper.cfbundle; includeInIndex = 0; path = CocoaPodProUITests.xctest; sourceTree = BUILT_PRODUCTS_DIR; };
		9B9551F521D5C31F009F6114 /* CocoaPodProUITests.m */ = {isa = PBXFileReference; lastKnownFileType = sourcecode.c.objc; path = CocoaPodProUITests.m; sourceTree = "<group>"; };
		9B9551F721D5C31F009F6114 /* Info.plist */ = {isa = PBXFileReference; lastKnownFileType = text.plist.xml; path = Info.plist; sourceTree = "<group>"; };
		C65BE7636DFFF15A0F295E42 /* Pods-CocoaPodPro.release.xcconfig */ = {isa = PBXFileReference; includeInIndex = 1; lastKnownFileType = text.xcconfig; name = "Pods-CocoaPodPro.release.xcconfig"; path = "Pods/Target Support Files/Pods-CocoaPodPro/Pods-CocoaPodPro.release.xcconfig"; sourceTree = "<group>"; };
		EE3C5DF58C8C746F55A37938 /* libPods-CocoaPodPro.a */ = {isa = PBXFileReference; explicitFileType = archive.ar; includeInIndex = 0; path = "libPods-CocoaPodPro.a"; sourceTree = BUILT_PRODUCTS_DIR; };
		FEB7B29D18F389D810DB8D82 /* Pods-CocoaPodProTests.release.xcconfig */ = {isa = PBXFileReference; includeInIndex = 1; lastKnownFileType = text.xcconfig; name = "Pods-CocoaPodProTests.release.xcconfig"; path = "Pods/Target Support Files/Pods-CocoaPodProTests/Pods-CocoaPodProTests.release.xcconfig"; sourceTree = "<group>"; };
/* End PBXFileReference section */

/* Begin PBXFrameworksBuildPhase section */
		9B9551CB21D5C31E009F6114 /* Frameworks */ = {
			isa = PBXFrameworksBuildPhase;
			buildActionMask = 2147483647;
			files = (
				F3ED6F2985E9A94E7DD17808 /* libPods-CocoaPodPro.a in Frameworks */,
			);
			runOnlyForDeploymentPostprocessing = 0;
		};
		9B9551E321D5C31F009F6114 /* Frameworks */ = {
			isa = PBXFrameworksBuildPhase;
			buildActionMask = 2147483647;
			files = (
				20697DD583BFDA2140F4985E /* libPods-CocoaPodProTests.a in Frameworks */,
			);
			runOnlyForDeploymentPostprocessing = 0;
		};
		9B9551EE21D5C31F009F6114 /* Frameworks */ = {
			isa = PBXFrameworksBuildPhase;
			buildActionMask = 2147483647;
			files = (
				1B541F28838105A2FABE6003 /* libPods-CocoaPodProUITests.a in Frameworks */,
			);
			runOnlyForDeploymentPostprocessing = 0;
		};
/* End PBXFrameworksBuildPhase section */

/* Begin PBXGroup section */
		3ED5BCA81532094B0949B135 /* Pods */ = {
			isa = PBXGroup;
			children = (
				828B640335749B2D72663F43 /* Pods-CocoaPodPro.debug.xcconfig */,
				C65BE7636DFFF15A0F295E42 /* Pods-CocoaPodPro.release.xcconfig */,
				1BE15296D1BAE7BE2A7D95D1 /* Pods-CocoaPodProTests.debug.xcconfig */,
				FEB7B29D18F389D810DB8D82 /* Pods-CocoaPodProTests.release.xcconfig */,
				14441E7ABC21CA391B246435 /* Pods-CocoaPodProUITests.debug.xcconfig */,
				2C221AC9734E1400A748A61B /* Pods-CocoaPodProUITests.release.xcconfig */,
			);
			name = Pods;
			sourceTree = "<group>";
		};
		9B9551C521D5C31E009F6114 = {
			isa = PBXGroup;
			children = (
				9B9551D021D5C31E009F6114 /* CocoaPodPro */,
				9B9551E921D5C31F009F6114 /* CocoaPodProTests */,
				9B9551F421D5C31F009F6114 /* CocoaPodProUITests */,
				9B9551CF21D5C31E009F6114 /* Products */,
				3ED5BCA81532094B0949B135 /* Pods */,
				FC705F95BF424CCD7FEF75C2 /* Frameworks */,
			);
			sourceTree = "<group>";
		};
		9B9551CF21D5C31E009F6114 /* Products */ = {
			isa = PBXGroup;
			children = (
				9B9551CE21D5C31E009F6114 /* CocoaPodPro.app */,
				9B9551E621D5C31F009F6114 /* CocoaPodProTests.xctest */,
				9B9551F121D5C31F009F6114 /* CocoaPodProUITests.xctest */,
			);
			name = Products;
			sourceTree = "<group>";
		};
		9B9551D021D5C31E009F6114 /* CocoaPodPro */ = {
			isa = PBXGroup;
			children = (
				9B9551D121D5C31E009F6114 /* AppDelegate.h */,
				9B9551D221D5C31E009F6114 /* AppDelegate.m */,
				9B9551D421D5C31E009F6114 /* ViewController.h */,
				9B9551D521D5C31E009F6114 /* ViewController.m */,
				9B9551D721D5C31E009F6114 /* Main.storyboard */,
				9B9551DA21D5C31F009F6114 /* Assets.xcassets */,
				9B9551DC21D5C31F009F6114 /* LaunchScreen.storyboard */,
				9B9551DF21D5C31F009F6114 /* Info.plist */,
				9B9551E021D5C31F009F6114 /* main.m */,
			);
			path = CocoaPodPro;
			sourceTree = "<group>";
		};
		9B9551E921D5C31F009F6114 /* CocoaPodProTests */ = {
			isa = PBXGroup;
			children = (
				9B9551EA21D5C31F009F6114 /* CocoaPodProTests.m */,
				9B9551EC21D5C31F009F6114 /* Info.plist */,
			);
			path = CocoaPodProTests;
			sourceTree = "<group>";
		};
		9B9551F421D5C31F009F6114 /* CocoaPodProUITests */ = {
			isa = PBXGroup;
			children = (
				9B9551F521D5C31F009F6114 /* CocoaPodProUITests.m */,
				9B9551F721D5C31F009F6114 /* Info.plist */,
			);
			path = CocoaPodProUITests;
			sourceTree = "<group>";
		};
		FC705F95BF424CCD7FEF75C2 /* Frameworks */ = {
			isa = PBXGroup;
			children = (
				EE3C5DF58C8C746F55A37938 /* libPods-CocoaPodPro.a */,
				3241D2847CDE8ECB352D137C /* libPods-CocoaPodProTests.a */,
				0022538E5E5F0E8CB227A242 /* libPods-CocoaPodProUITests.a */,
			);
			name = Frameworks;
			sourceTree = "<group>";
		};
/* End PBXGroup section */

/* Begin PBXNativeTarget section */
		9B9551CD21D5C31E009F6114 /* CocoaPodPro */ = {
			isa = PBXNativeTarget;
			buildConfigurationList = 9B9551FA21D5C31F009F6114 /* Build configuration list for PBXNativeTarget "CocoaPodPro" */;
			buildPhases = (
				1F89B961ED9290AC13723189 /* [CP] Check Pods Manifest.lock */,
				9B9551CA21D5C31E009F6114 /* Sources */,
				9B9551CB21D5C31E009F6114 /* Frameworks */,
				9B9551CC21D5C31E009F6114 /* Resources */,
				AD602A1F6540C1499847DCEB /* [CP] Embed Pods Frameworks */,
				3F2E7695D000C2D157B79703 /* [CP] Copy Pods Resources */,
			);
			buildRules = (
			);
			dependencies = (
			);
			name = CocoaPodPro;
			productName = CocoaPodPro;
			productReference = 9B9551CE21D5C31E009F6114 /* CocoaPodPro.app */;
			productType = "com.apple.product-type.application";
		};
		9B9551E521D5C31F009F6114 /* CocoaPodProTests */ = {
			isa = PBXNativeTarget;
			buildConfigurationList = 9B9551FD21D5C31F009F6114 /* Build configuration list for PBXNativeTarget "CocoaPodProTests" */;
			buildPhases = (
				7F8D1013D724BAB1E7D9CF40 /* [CP] Check Pods Manifest.lock */,
				9B9551E221D5C31F009F6114 /* Sources */,
				9B9551E321D5C31F009F6114 /* Frameworks */,
				9B9551E421D5C31F009F6114 /* Resources */,
				32B65341760340AB58442FF7 /* [CP] Embed Pods Frameworks */,
				8936381A35F5C1B6B850F7F3 /* [CP] Copy Pods Resources */,
			);
			buildRules = (
			);
			dependencies = (
				9B9551E821D5C31F009F6114 /* PBXTargetDependency */,
			);
			name = CocoaPodProTests;
			productName = CocoaPodProTests;
			productReference = 9B9551E621D5C31F009F6114 /* CocoaPodProTests.xctest */;
			productType = "com.apple.product-type.bundle.unit-test";
		};
		9B9551F021D5C31F009F6114 /* CocoaPodProUITests */ = {
			isa = PBXNativeTarget;
			buildConfigurationList = 9B95520021D5C31F009F6114 /* Build configuration list for PBXNativeTarget "CocoaPodProUITests" */;
			buildPhases = (
				EF75A3B014B155D2D9EA16BE /* [CP] Check Pods Manifest.lock */,
				9B9551ED21D5C31F009F6114 /* Sources */,
				9B9551EE21D5C31F009F6114 /* Frameworks */,
				9B9551EF21D5C31F009F6114 /* Resources */,
				FAE194FFA7447A177BA6D88C /* [CP] Embed Pods Frameworks */,
				EC79B493417219ABC2B3953D /* [CP] Copy Pods Resources */,
			);
			buildRules = (
			);
			dependencies = (
				9B9551F321D5C31F009F6114 /* PBXTargetDependency */,
			);
			name = CocoaPodProUITests;
			productName = CocoaPodProUITests;
			productReference = 9B9551F121D5C31F009F6114 /* CocoaPodProUITests.xctest */;
			productType = "com.apple.product-type.bundle.ui-testing";
		};
/* End PBXNativeTarget section */

/* Begin PBXProject section */
		9B9551C621D5C31E009F6114 /* Project object */ = {
			isa = PBXProject;
			attributes = {
				LastUpgradeCheck = 1000;
				ORGANIZATIONNAME = Lee;
				TargetAttributes = {
					9B9551CD21D5C31E009F6114 = {
						CreatedOnToolsVersion = 10.0;
					};
					9B9551E521D5C31F009F6114 = {
						CreatedOnToolsVersion = 10.0;
						TestTargetID = 9B9551CD21D5C31E009F6114;
					};
					9B9551F021D5C31F009F6114 = {
						CreatedOnToolsVersion = 10.0;
						TestTargetID = 9B9551CD21D5C31E009F6114;
					};
				};
			};
			buildConfigurationList = 9B9551C921D5C31E009F6114 /* Build configuration list for PBXProject "CocoaPodPro" */;
			compatibilityVersion = "Xcode 9.3";
			developmentRegion = en;
			hasScannedForEncodings = 0;
			knownRegions = (
				en,
				Base,
			);
			mainGroup = 9B9551C521D5C31E009F6114;
			productRefGroup = 9B9551CF21D5C31E009F6114 /* Products */;
			projectDirPath = "";
			projectRoot = "";
			targets = (
				9B9551CD21D5C31E009F6114 /* CocoaPodPro */,
				9B9551E521D5C31F009F6114 /* CocoaPodProTests */,
				9B9551F021D5C31F009F6114 /* CocoaPodProUITests */,
			);
		};
/* End PBXProject section */

/* Begin PBXResourcesBuildPhase section */
		9B9551CC21D5C31E009F6114 /* Resources */ = {
			isa = PBXResourcesBuildPhase;
			buildActionMask = 2147483647;
			files = (
				9B9551DE21D5C31F009F6114 /* LaunchScreen.storyboard in Resources */,
				9B9551DB21D5C31F009F6114 /* Assets.xcassets in Resources */,
				9B9551D921D5C31E009F6114 /* Main.storyboard in Resources */,
			);
			runOnlyForDeploymentPostprocessing = 0;
		};
		9B9551E421D5C31F009F6114 /* Resources */ = {
			isa = PBXResourcesBuildPhase;
			buildActionMask = 2147483647;
			files = (
			);
			runOnlyForDeploymentPostprocessing = 0;
		};
		9B9551EF21D5C31F009F6114 /* Resources */ = {
			isa = PBXResourcesBuildPhase;
			buildActionMask = 2147483647;
			files = (
			);
			runOnlyForDeploymentPostprocessing = 0;
		};
/* End PBXResourcesBuildPhase section */

/* Begin PBXShellScriptBuildPhase section */
		1F89B961ED9290AC13723189 /* [CP] Check Pods Manifest.lock */ = {
			isa = PBXShellScriptBuildPhase;
			buildActionMask = 2147483647;
			files = (
			);
			inputPaths = (
				"${PODS_PODFILE_DIR_PATH}/Podfile.lock",
				"${PODS_ROOT}/Manifest.lock",
			);
			name = "[CP] Check Pods Manifest.lock";
			outputPaths = (
				"$(DERIVED_FILE_DIR)/Pods-CocoaPodPro-checkManifestLockResult.txt",
			);
			runOnlyForDeploymentPostprocessing = 0;
			shellPath = /bin/sh;
			shellScript = "diff \"${PODS_PODFILE_DIR_PATH}/Podfile.lock\" \"${PODS_ROOT}/Manifest.lock\" > /dev/null\nif [ $? != 0 ] ; then\n    # print error to STDERR\n    echo \"error: The sandbox is not in sync with the Podfile.lock. Run 'pod install' or update your CocoaPods installation.\" >&2\n    exit 1\nfi\n# This output is used by Xcode 'outputs' to avoid re-running this script phase.\necho \"SUCCESS\" > \"${SCRIPT_OUTPUT_FILE_0}\"\n";
			showEnvVarsInLog = 0;
		};
		32B65341760340AB58442FF7 /* [CP] Embed Pods Frameworks */ = {
			isa = PBXShellScriptBuildPhase;
			buildActionMask = 2147483647;
			files = (
			);
			inputPaths = (
			);
			name = "[CP] Embed Pods Frameworks";
			outputPaths = (
			);
			runOnlyForDeploymentPostprocessing = 0;
			shellPath = /bin/sh;
			shellScript = "\"${SRCROOT}/Pods/Target Support Files/Pods-CocoaPodProTests/Pods-CocoaPodProTests-frameworks.sh\"\n";
			showEnvVarsInLog = 0;
		};
		3F2E7695D000C2D157B79703 /* [CP] Copy Pods Resources */ = {
			isa = PBXShellScriptBuildPhase;
			buildActionMask = 2147483647;
			files = (
			);
			inputPaths = (
			);
			name = "[CP] Copy Pods Resources";
			outputPaths = (
			);
			runOnlyForDeploymentPostprocessing = 0;
			shellPath = /bin/sh;
			shellScript = "\"${SRCROOT}/Pods/Target Support Files/Pods-CocoaPodPro/Pods-CocoaPodPro-resources.sh\"\n";
			showEnvVarsInLog = 0;
		};
		7F8D1013D724BAB1E7D9CF40 /* [CP] Check Pods Manifest.lock */ = {
			isa = PBXShellScriptBuildPhase;
			buildActionMask = 2147483647;
			files = (
			);
			inputPaths = (
				"${PODS_PODFILE_DIR_PATH}/Podfile.lock",
				"${PODS_ROOT}/Manifest.lock",
			);
			name = "[CP] Check Pods Manifest.lock";
			outputPaths = (
				"$(DERIVED_FILE_DIR)/Pods-CocoaPodProTests-checkManifestLockResult.txt",
			);
			runOnlyForDeploymentPostprocessing = 0;
			shellPath = /bin/sh;
			shellScript = "diff \"${PODS_PODFILE_DIR_PATH}/Podfile.lock\" \"${PODS_ROOT}/Manifest.lock\" > /dev/null\nif [ $? != 0 ] ; then\n    # print error to STDERR\n    echo \"error: The sandbox is not in sync with the Podfile.lock. Run 'pod install' or update your CocoaPods installation.\" >&2\n    exit 1\nfi\n# This output is used by Xcode 'outputs' to avoid re-running this script phase.\necho \"SUCCESS\" > \"${SCRIPT_OUTPUT_FILE_0}\"\n";
			showEnvVarsInLog = 0;
		};
		8936381A35F5C1B6B850F7F3 /* [CP] Copy Pods Resources */ = {
			isa = PBXShellScriptBuildPhase;
			buildActionMask = 2147483647;
			files = (
			);
			inputPaths = (
			);
			name = "[CP] Copy Pods Resources";
			outputPaths = (
			);
			runOnlyForDeploymentPostprocessing = 0;
			shellPath = /bin/sh;
			shellScript = "\"${SRCROOT}/Pods/Target Support Files/Pods-CocoaPodProTests/Pods-CocoaPodProTests-resources.sh\"\n";
			showEnvVarsInLog = 0;
		};
		AD602A1F6540C1499847DCEB /* [CP] Embed Pods Frameworks */ = {
			isa = PBXShellScriptBuildPhase;
			buildActionMask = 2147483647;
			files = (
			);
			inputPaths = (
			);
			name = "[CP] Embed Pods Frameworks";
			outputPaths = (
			);
			runOnlyForDeploymentPostprocessing = 0;
			shellPath = /bin/sh;
			shellScript = "\"${SRCROOT}/Pods/Target Support Files/Pods-CocoaPodPro/Pods-CocoaPodPro-frameworks.sh\"\n";
			showEnvVarsInLog = 0;
		};
		EC79B493417219ABC2B3953D /* [CP] Copy Pods Resources */ = {
			isa = PBXShellScriptBuildPhase;
			buildActionMask = 2147483647;
			files = (
			);
			inputPaths = (
			);
			name = "[CP] Copy Pods Resources";
			outputPaths = (
			);
			runOnlyForDeploymentPostprocessing = 0;
			shellPath = /bin/sh;
			shellScript = "\"${SRCROOT}/Pods/Target Support Files/Pods-CocoaPodProUITests/Pods-CocoaPodProUITests-resources.sh\"\n";
			showEnvVarsInLog = 0;
		};
		EF75A3B014B155D2D9EA16BE /* [CP] Check Pods Manifest.lock */ = {
			isa = PBXShellScriptBuildPhase;
			buildActionMask = 2147483647;
			files = (
			);
			inputPaths = (
				"${PODS_PODFILE_DIR_PATH}/Podfile.lock",
				"${PODS_ROOT}/Manifest.lock",
			);
			name = "[CP] Check Pods Manifest.lock";
			outputPaths = (
				"$(DERIVED_FILE_DIR)/Pods-CocoaPodProUITests-checkManifestLockResult.txt",
			);
			runOnlyForDeploymentPostprocessing = 0;
			shellPath = /bin/sh;
			shellScript = "diff \"${PODS_PODFILE_DIR_PATH}/Podfile.lock\" \"${PODS_ROOT}/Manifest.lock\" > /dev/null\nif [ $? != 0 ] ; then\n    # print error to STDERR\n    echo \"error: The sandbox is not in sync with the Podfile.lock. Run 'pod install' or update your CocoaPods installation.\" >&2\n    exit 1\nfi\n# This output is used by Xcode 'outputs' to avoid re-running this script phase.\necho \"SUCCESS\" > \"${SCRIPT_OUTPUT_FILE_0}\"\n";
			showEnvVarsInLog = 0;
		};
		FAE194FFA7447A177BA6D88C /* [CP] Embed Pods Frameworks */ = {
			isa = PBXShellScriptBuildPhase;
			buildActionMask = 2147483647;
			files = (
			);
			inputPaths = (
			);
			name = "[CP] Embed Pods Frameworks";
			outputPaths = (
			);
			runOnlyForDeploymentPostprocessing = 0;
			shellPath = /bin/sh;
			shellScript = "\"${SRCROOT}/Pods/Target Support Files/Pods-CocoaPodProUITests/Pods-CocoaPodProUITests-frameworks.sh\"\n";
			showEnvVarsInLog = 0;
		};
/* End PBXShellScriptBuildPhase section */

/* Begin PBXSourcesBuildPhase section */
		9B9551CA21D5C31E009F6114 /* Sources */ = {
			isa = PBXSourcesBuildPhase;
			buildActionMask = 2147483647;
			files = (
				9B9551D621D5C31E009F6114 /* ViewController.m in Sources */,
				9B9551E121D5C31F009F6114 /* main.m in Sources */,
				9B9551D321D5C31E009F6114 /* AppDelegate.m in Sources */,
			);
			runOnlyForDeploymentPostprocessing = 0;
		};
		9B9551E221D5C31F009F6114 /* Sources */ = {
			isa = PBXSourcesBuildPhase;
			buildActionMask = 2147483647;
			files = (
				9B9551EB21D5C31F009F6114 /* CocoaPodProTests.m in Sources */,
			);
			runOnlyForDeploymentPostprocessing = 0;
		};
		9B9551ED21D5C31F009F6114 /* Sources */ = {
			isa = PBXSourcesBuildPhase;
			buildActionMask = 2147483647;
			files = (
				9B9551F621D5C31F009F6114 /* CocoaPodProUITests.m in Sources */,
			);
			runOnlyForDeploymentPostprocessing = 0;
		};
/* End PBXSourcesBuildPhase section */

/* Begin PBXTargetDependency section */
		9B9551E821D5C31F009F6114 /* PBXTargetDependency */ = {
			isa = PBXTargetDependency;
			target = 9B9551CD21D5C31E009F6114 /* CocoaPodPro */;
			targetProxy = 9B9551E721D5C31F009F6114 /* PBXContainerItemProxy */;
		};
		9B9551F321D5C31F009F6114 /* PBXTargetDependency */ = {
			isa = PBXTargetDependency;
			target = 9B9551CD21D5C31E009F6114 /* CocoaPodPro */;
			targetProxy = 9B9551F221D5C31F009F6114 /* PBXContainerItemProxy */;
		};
/* End PBXTargetDependency section */

/* Begin PBXVariantGroup section */
		9B9551D721D5C31E009F6114 /* Main.storyboard */ = {
			isa = PBXVariantGroup;
			children = (
				9B9551D821D5C31E009F6114 /* Base */,
			);
			name = Main.storyboard;
			sourceTree = "<group>";
		};
		9B9551DC21D5C31F009F6114 /* LaunchScreen.storyboard */ = {
			isa = PBXVariantGroup;
			children = (
				9B9551DD21D5C31F009F6114 /* Base */,
			);
			name = LaunchScreen.storyboard;
			sourceTree = "<group>";
		};
/* End PBXVariantGroup section */

/* Begin XCBuildConfiguration section */
		9B9551F821D5C31F009F6114 /* Debug */ = {
			isa = XCBuildConfiguration;
			buildSettings = {
				ALWAYS_SEARCH_USER_PATHS = NO;
				CLANG_ANALYZER_NONNULL = YES;
				CLANG_ANALYZER_NUMBER_OBJECT_CONVERSION = YES_AGGRESSIVE;
				CLANG_CXX_LANGUAGE_STANDARD = "gnu++14";
				CLANG_CXX_LIBRARY = "libc++";
				CLANG_ENABLE_MODULES = YES;
				CLANG_ENABLE_OBJC_ARC = YES;
				CLANG_ENABLE_OBJC_WEAK = YES;
				CLANG_WARN_BLOCK_CAPTURE_AUTORELEASING = YES;
				CLANG_WARN_BOOL_CONVERSION = YES;
				CLANG_WARN_COMMA = YES;
				CLANG_WARN_CONSTANT_CONVERSION = YES;
				CLANG_WARN_DEPRECATED_OBJC_IMPLEMENTATIONS = YES;
				CLANG_WARN_DIRECT_OBJC_ISA_USAGE = YES_ERROR;
				CLANG_WARN_DOCUMENTATION_COMMENTS = YES;
				CLANG_WARN_EMPTY_BODY = YES;
				CLANG_WARN_ENUM_CONVERSION = YES;
				CLANG_WARN_INFINITE_RECURSION = YES;
				CLANG_WARN_INT_CONVERSION = YES;
				CLANG_WARN_NON_LITERAL_NULL_CONVERSION = YES;
				CLANG_WARN_OBJC_IMPLICIT_RETAIN_SELF = YES;
				CLANG_WARN_OBJC_LITERAL_CONVERSION = YES;
				CLANG_WARN_OBJC_ROOT_CLASS = YES_ERROR;
				CLANG_WARN_RANGE_LOOP_ANALYSIS = YES;
				CLANG_WARN_STRICT_PROTOTYPES = YES;
				CLANG_WARN_SUSPICIOUS_MOVE = YES;
				CLANG_WARN_UNGUARDED_AVAILABILITY = YES_AGGRESSIVE;
				CLANG_WARN_UNREACHABLE_CODE = YES;
				CLANG_WARN__DUPLICATE_METHOD_MATCH = YES;
				CODE_SIGN_IDENTITY = "iPhone Developer";
				COPY_PHASE_STRIP = NO;
				DEBUG_INFORMATION_FORMAT = dwarf;
				ENABLE_STRICT_OBJC_MSGSEND = YES;
				ENABLE_TESTABILITY = YES;
				GCC_C_LANGUAGE_STANDARD = gnu11;
				GCC_DYNAMIC_NO_PIC = NO;
				GCC_NO_COMMON_BLOCKS = YES;
				GCC_OPTIMIZATION_LEVEL = 0;
				GCC_PREPROCESSOR_DEFINITIONS = (
					"DEBUG=1",
					"$(inherited)",
				);
				GCC_WARN_64_TO_32_BIT_CONVERSION = YES;
				GCC_WARN_ABOUT_RETURN_TYPE = YES_ERROR;
				GCC_WARN_UNDECLARED_SELECTOR = YES;
				GCC_WARN_UNINITIALIZED_AUTOS = YES_AGGRESSIVE;
				GCC_WARN_UNUSED_FUNCTION = YES;
				GCC_WARN_UNUSED_VARIABLE = YES;
				IPHONEOS_DEPLOYMENT_TARGET = 12.0;
				MTL_ENABLE_DEBUG_INFO = INCLUDE_SOURCE;
				MTL_FAST_MATH = YES;
				ONLY_ACTIVE_ARCH = YES;
				SDKROOT = iphoneos;
			};
			name = Debug;
		};
		9B9551F921D5C31F009F6114 /* Release */ = {
			isa = XCBuildConfiguration;
			buildSettings = {
				ALWAYS_SEARCH_USER_PATHS = NO;
				CLANG_ANALYZER_NONNULL = YES;
				CLANG_ANALYZER_NUMBER_OBJECT_CONVERSION = YES_AGGRESSIVE;
				CLANG_CXX_LANGUAGE_STANDARD = "gnu++14";
				CLANG_CXX_LIBRARY = "libc++";
				CLANG_ENABLE_MODULES = YES;
				CLANG_ENABLE_OBJC_ARC = YES;
				CLANG_ENABLE_OBJC_WEAK = YES;
				CLANG_WARN_BLOCK_CAPTURE_AUTORELEASING = YES;
				CLANG_WARN_BOOL_CONVERSION = YES;
				CLANG_WARN_COMMA = YES;
				CLANG_WARN_CONSTANT_CONVERSION = YES;
				CLANG_WARN_DEPRECATED_OBJC_IMPLEMENTATIONS = YES;
				CLANG_WARN_DIRECT_OBJC_ISA_USAGE = YES_ERROR;
				CLANG_WARN_DOCUMENTATION_COMMENTS = YES;
				CLANG_WARN_EMPTY_BODY = YES;
				CLANG_WARN_ENUM_CONVERSION = YES;
				CLANG_WARN_INFINITE_RECURSION = YES;
				CLANG_WARN_INT_CONVERSION = YES;
				CLANG_WARN_NON_LITERAL_NULL_CONVERSION = YES;
				CLANG_WARN_OBJC_IMPLICIT_RETAIN_SELF = YES;
				CLANG_WARN_OBJC_LITERAL_CONVERSION = YES;
				CLANG_WARN_OBJC_ROOT_CLASS = YES_ERROR;
				CLANG_WARN_RANGE_LOOP_ANALYSIS = YES;
				CLANG_WARN_STRICT_PROTOTYPES = YES;
				CLANG_WARN_SUSPICIOUS_MOVE = YES;
				CLANG_WARN_UNGUARDED_AVAILABILITY = YES_AGGRESSIVE;
				CLANG_WARN_UNREACHABLE_CODE = YES;
				CLANG_WARN__DUPLICATE_METHOD_MATCH = YES;
				CODE_SIGN_IDENTITY = "iPhone Developer";
				COPY_PHASE_STRIP = NO;
				DEBUG_INFORMATION_FORMAT = "dwarf-with-dsym";
				ENABLE_NS_ASSERTIONS = NO;
				ENABLE_STRICT_OBJC_MSGSEND = YES;
				GCC_C_LANGUAGE_STANDARD = gnu11;
				GCC_NO_COMMON_BLOCKS = YES;
				GCC_WARN_64_TO_32_BIT_CONVERSION = YES;
				GCC_WARN_ABOUT_RETURN_TYPE = YES_ERROR;
				GCC_WARN_UNDECLARED_SELECTOR = YES;
				GCC_WARN_UNINITIALIZED_AUTOS = YES_AGGRESSIVE;
				GCC_WARN_UNUSED_FUNCTION = YES;
				GCC_WARN_UNUSED_VARIABLE = YES;
				IPHONEOS_DEPLOYMENT_TARGET = 12.0;
				MTL_ENABLE_DEBUG_INFO = NO;
				MTL_FAST_MATH = YES;
				SDKROOT = iphoneos;
				VALIDATE_PRODUCT = YES;
			};
			name = Release;
		};
		9B9551FB21D5C31F009F6114 /* Debug */ = {
			isa = XCBuildConfiguration;
			baseConfigurationReference = 828B640335749B2D72663F43 /* Pods-CocoaPodPro.debug.xcconfig */;
			buildSettings = {
				ASSETCATALOG_COMPILER_APPICON_NAME = AppIcon;
				CODE_SIGN_STYLE = Automatic;
				DEVELOPMENT_TEAM = 4PKS6854VB;
				INFOPLIST_FILE = CocoaPodPro/Info.plist;
				LD_RUNPATH_SEARCH_PATHS = "$(inherited) @executable_path/Frameworks";
				PRODUCT_BUNDLE_IDENTIFIER = com.lh.CocoaPodPro;
				PRODUCT_NAME = "$(TARGET_NAME)";
				TARGETED_DEVICE_FAMILY = "1,2";
			};
			name = Debug;
		};
		9B9551FC21D5C31F009F6114 /* Release */ = {
			isa = XCBuildConfiguration;
			baseConfigurationReference = C65BE7636DFFF15A0F295E42 /* Pods-CocoaPodPro.release.xcconfig */;
			buildSettings = {
				ASSETCATALOG_COMPILER_APPICON_NAME = AppIcon;
				CODE_SIGN_STYLE = Automatic;
				DEVELOPMENT_TEAM = 4PKS6854VB;
				INFOPLIST_FILE = CocoaPodPro/Info.plist;
				LD_RUNPATH_SEARCH_PATHS = "$(inherited) @executable_path/Frameworks";
				PRODUCT_BUNDLE_IDENTIFIER = com.lh.CocoaPodPro;
				PRODUCT_NAME = "$(TARGET_NAME)";
				TARGETED_DEVICE_FAMILY = "1,2";
			};
			name = Release;
		};
		9B9551FE21D5C31F009F6114 /* Debug */ = {
			isa = XCBuildConfiguration;
			baseConfigurationReference = 1BE15296D1BAE7BE2A7D95D1 /* Pods-CocoaPodProTests.debug.xcconfig */;
			buildSettings = {
				BUNDLE_LOADER = "$(TEST_HOST)";
				CODE_SIGN_STYLE = Automatic;
				DEVELOPMENT_TEAM = 4PKS6854VB;
				INFOPLIST_FILE = CocoaPodProTests/Info.plist;
				LD_RUNPATH_SEARCH_PATHS = "$(inherited) @executable_path/Frameworks @loader_path/Frameworks";
				PRODUCT_BUNDLE_IDENTIFIER = com.lh.CocoaPodProTests;
				PRODUCT_NAME = "$(TARGET_NAME)";
				TARGETED_DEVICE_FAMILY = "1,2";
				TEST_HOST = "$(BUILT_PRODUCTS_DIR)/CocoaPodPro.app/CocoaPodPro";
			};
			name = Debug;
		};
		9B9551FF21D5C31F009F6114 /* Release */ = {
			isa = XCBuildConfiguration;
			baseConfigurationReference = FEB7B29D18F389D810DB8D82 /* Pods-CocoaPodProTests.release.xcconfig */;
			buildSettings = {
				BUNDLE_LOADER = "$(TEST_HOST)";
				CODE_SIGN_STYLE = Automatic;
				DEVELOPMENT_TEAM = 4PKS6854VB;
				INFOPLIST_FILE = CocoaPodProTests/Info.plist;
				LD_RUNPATH_SEARCH_PATHS = "$(inherited) @executable_path/Frameworks @loader_path/Frameworks";
				PRODUCT_BUNDLE_IDENTIFIER = com.lh.CocoaPodProTests;
				PRODUCT_NAME = "$(TARGET_NAME)";
				TARGETED_DEVICE_FAMILY = "1,2";
				TEST_HOST = "$(BUILT_PRODUCTS_DIR)/CocoaPodPro.app/CocoaPodPro";
			};
			name = Release;
		};
		9B95520121D5C31F009F6114 /* Debug */ = {
			isa = XCBuildConfiguration;
			baseConfigurationReference = 14441E7ABC21CA391B246435 /* Pods-CocoaPodProUITests.debug.xcconfig */;
			buildSettings = {
				CODE_SIGN_STYLE = Automatic;
				DEVELOPMENT_TEAM = 4PKS6854VB;
				INFOPLIST_FILE = CocoaPodProUITests/Info.plist;
				LD_RUNPATH_SEARCH_PATHS = "$(inherited) @executable_path/Frameworks @loader_path/Frameworks";
				PRODUCT_BUNDLE_IDENTIFIER = com.lh.CocoaPodProUITests;
				PRODUCT_NAME = "$(TARGET_NAME)";
				TARGETED_DEVICE_FAMILY = "1,2";
				TEST_TARGET_NAME = CocoaPodPro;
			};
			name = Debug;
		};
		9B95520221D5C31F009F6114 /* Release */ = {
			isa = XCBuildConfiguration;
			baseConfigurationReference = 2C221AC9734E1400A748A61B /* Pods-CocoaPodProUITests.release.xcconfig */;
			buildSettings = {
				CODE_SIGN_STYLE = Automatic;
				DEVELOPMENT_TEAM = 4PKS6854VB;
				INFOPLIST_FILE = CocoaPodProUITests/Info.plist;
				LD_RUNPATH_SEARCH_PATHS = "$(inherited) @executable_path/Frameworks @loader_path/Frameworks";
				PRODUCT_BUNDLE_IDENTIFIER = com.lh.CocoaPodProUITests;
				PRODUCT_NAME = "$(TARGET_NAME)";
				TARGETED_DEVICE_FAMILY = "1,2";
				TEST_TARGET_NAME = CocoaPodPro;
			};
			name = Release;
		};
/* End XCBuildConfiguration section */

/* Begin XCConfigurationList section */
		9B9551C921D5C31E009F6114 /* Build configuration list for PBXProject "CocoaPodPro" */ = {
			isa = XCConfigurationList;
			buildConfigurations = (
				9B9551F821D5C31F009F6114 /* Debug */,
				9B9551F921D5C31F009F6114 /* Release */,
			);
			defaultConfigurationIsVisible = 0;
			defaultConfigurationName = Release;
		};
		9B9551FA21D5C31F009F6114 /* Build configuration list for PBXNativeTarget "CocoaPodPro" */ = {
			isa = XCConfigurationList;
			buildConfigurations = (
				9B9551FB21D5C31F009F6114 /* Debug */,
				9B9551FC21D5C31F009F6114 /* Release */,
			);
			defaultConfigurationIsVisible = 0;
			defaultConfigurationName = Release;
		};
		9B9551FD21D5C31F009F6114 /* Build configuration list for PBXNativeTarget "CocoaPodProTests" */ = {
			isa = XCConfigurationList;
			buildConfigurations = (
				9B9551FE21D5C31F009F6114 /* Debug */,
				9B9551FF21D5C31F009F6114 /* Release */,
			);
			defaultConfigurationIsVisible = 0;
			defaultConfigurationName = Release;
		};
		9B95520021D5C31F009F6114 /* Build configuration list for PBXNativeTarget "CocoaPodProUITests" */ = {
			isa = XCConfigurationList;
			buildConfigurations = (
				9B95520121D5C31F009F6114 /* Debug */,
				9B95520221D5C31F009F6114 /* Release */,
			);
			defaultConfigurationIsVisible = 0;
			defaultConfigurationName = Release;
		};
/* End XCConfigurationList section */
	};
	rootObject = 9B9551C621D5C31E009F6114 /* Project object */;
}
